{
  "name": "metadata-xml-tool",
  "version": "0.0.0-development",
  "lockfileVersion": 1,
  "requires": true,
  "dependencies": {
    "bats": {
      "version": "1.4.1",
      "resolved": "https://registry.npmjs.org/bats/-/bats-1.4.1.tgz",
      "integrity": "sha512-sZgqfOHgPqtQSD84WKQiNU3a/44hQiiHGtA43gTUPeOdl5jYhnXSBNGCa8DGlKc8JpI/UUYcaPNf0Afg3OOibQ==",
      "dev": true
    }
  }
}
