{
  "name": "metadata-xml-tool",
  "version": "0.0.0-development",
  "lockfileVersion": 1,
  "requires": true,
  "dependencies": {
    "bats": {
      "version": "1.8.2",
      "resolved": "https://registry.npmjs.org/bats/-/bats-1.8.2.tgz",
      "integrity": "sha512-KLUIaPYuIMjqui8MbZmK84+CiwhjFVFAhFy5PXP0prLbkovc5faVzc+Qaowbz76F97zP573JrF31ODFAH7vzhg==",
      "dev": true
    }
  }
}
