{
  "name": "metadata-xml-tool",
  "version": "0.0.0-development",
  "lockfileVersion": 3,
  "requires": true,
  "packages": {
    "": {
      "name": "metadata-xml-tool",
      "version": "0.0.0-development",
      "license": "MIT",
      "bin": {
        "metadata-xml-tool": "src/cli.js"
      }
    }
  }
}
